
Microsoft Visual Studio Solution File, Format Version 12.00
# Visual Studio Version 17
VisualStudioVersion = 17.0.31903.59
MinimumVisualStudioVersion = 10.0.40219.1
Project("{2150E333-8FDC-42A3-9474-1A3956D46DE8}") = "src", "src", "{827E0CD3-B72D-47B6-A68D-7590B98EB39B}"
EndProject
Project("{FAE04EC0-301F-11D3-BF4B-00C04F79EFBC}") = "Cloudsoft.Core", "src\Cloudsoft.Core\Cloudsoft.Core.csproj", "{A2E70653-8C40-4320-9EE1-4E8354F1ADB6}"
EndProject
Project("{FAE04EC0-301F-11D3-BF4B-00C04F79EFBC}") = "Cloudsoft.Api", "src\Cloudsoft.Api\Cloudsoft.Api.csproj", "{F12C4663-287B-4B51-B6FB-7E629BCCE8C2}"
EndProject
Project("{FAE04EC0-301F-11D3-BF4B-00C04F79EFBC}") = "Cloudsoft.Web", "src\Cloudsoft.Web\Cloudsoft.Web.csproj", "{1BF5E9E4-6FBC-4B7E-9183-C4DDA0469BF4}"
EndProject
Project("{2150E333-8FDC-42A3-9474-1A3956D46DE8}") = "test", "test", "{0AB3BF05-4346-4AA6-1389-037BE0695223}"
EndProject
Project("{FAE04EC0-301F-11D3-BF4B-00C04F79EFBC}") = "Cloudsoft.Tests", "test\Cloudsoft.Tests\Cloudsoft.Tests.csproj", "{B8B8A228-7AF5-4906-888B-D768D82E4393}"
EndProject
Global
	GlobalSection(SolutionConfigurationPlatforms) = preSolution
		Debug|Any CPU = Debug|Any CPU
		Debug|x64 = Debug|x64
		Debug|x86 = Debug|x86
		Release|Any CPU = Release|Any CPU
		Release|x64 = Release|x64
		Release|x86 = Release|x86
	EndGlobalSection
	GlobalSection(ProjectConfigurationPlatforms) = postSolution
		{A2E70653-8C40-4320-9EE1-4E8354F1ADB6}.Debug|Any CPU.ActiveCfg = Debug|Any CPU
		{A2E70653-8C40-4320-9EE1-4E8354F1ADB6}.Debug|Any CPU.Build.0 = Debug|Any CPU
		{A2E70653-8C40-4320-9EE1-4E8354F1ADB6}.Debug|x64.ActiveCfg = Debug|Any CPU
		{A2E70653-8C40-4320-9EE1-4E8354F1ADB6}.Debug|x64.Build.0 = Debug|Any CPU
		{A2E70653-8C40-4320-9EE1-4E8354F1ADB6}.Debug|x86.ActiveCfg = Debug|Any CPU
		{A2E70653-8C40-4320-9EE1-4E8354F1ADB6}.Debug|x86.Build.0 = Debug|Any CPU
		{A2E70653-8C40-4320-9EE1-4E8354F1ADB6}.Release|Any CPU.ActiveCfg = Release|Any CPU
		{A2E70653-8C40-4320-9EE1-4E8354F1ADB6}.Release|Any CPU.Build.0 = Release|Any CPU
		{A2E70653-8C40-4320-9EE1-4E8354F1ADB6}.Release|x64.ActiveCfg = Release|Any CPU
		{A2E70653-8C40-4320-9EE1-4E8354F1ADB6}.Release|x64.Build.0 = Release|Any CPU
		{A2E70653-8C40-4320-9EE1-4E8354F1ADB6}.Release|x86.ActiveCfg = Release|Any CPU
		{A2E70653-8C40-4320-9EE1-4E8354F1ADB6}.Release|x86.Build.0 = Release|Any CPU
		{F12C4663-287B-4B51-B6FB-7E629BCCE8C2}.Debug|Any CPU.ActiveCfg = Debug|Any CPU
		{F12C4663-287B-4B51-B6FB-7E629BCCE8C2}.Debug|Any CPU.Build.0 = Debug|Any CPU
		{F12C4663-287B-4B51-B6FB-7E629BCCE8C2}.Debug|x64.ActiveCfg = Debug|Any CPU
		{F12C4663-287B-4B51-B6FB-7E629BCCE8C2}.Debug|x64.Build.0 = Debug|Any CPU
		{F12C4663-287B-4B51-B6FB-7E629BCCE8C2}.Debug|x86.ActiveCfg = Debug|Any CPU
		{F12C4663-287B-4B51-B6FB-7E629BCCE8C2}.Debug|x86.Build.0 = Debug|Any CPU
		{F12C4663-287B-4B51-B6FB-7E629BCCE8C2}.Release|Any CPU.ActiveCfg = Release|Any CPU
		{F12C4663-287B-4B51-B6FB-7E629BCCE8C2}.Release|Any CPU.Build.0 = Release|Any CPU
		{F12C4663-287B-4B51-B6FB-7E629BCCE8C2}.Release|x64.ActiveCfg = Release|Any CPU
		{F12C4663-287B-4B51-B6FB-7E629BCCE8C2}.Release|x64.Build.0 = Release|Any CPU
		{F12C4663-287B-4B51-B6FB-7E629BCCE8C2}.Release|x86.ActiveCfg = Release|Any CPU
		{F12C4663-287B-4B51-B6FB-7E629BCCE8C2}.Release|x86.Build.0 = Release|Any CPU
		{1BF5E9E4-6FBC-4B7E-9183-C4DDA0469BF4}.Debug|Any CPU.ActiveCfg = Debug|Any CPU
		{1BF5E9E4-6FBC-4B7E-9183-C4DDA0469BF4}.Debug|Any CPU.Build.0 = Debug|Any CPU
		{1BF5E9E4-6FBC-4B7E-9183-C4DDA0469BF4}.Debug|x64.ActiveCfg = Debug|Any CPU
		{1BF5E9E4-6FBC-4B7E-9183-C4DDA0469BF4}.Debug|x64.Build.0 = Debug|Any CPU
		{1BF5E9E4-6FBC-4B7E-9183-C4DDA0469BF4}.Debug|x86.ActiveCfg = Debug|Any CPU
		{1BF5E9E4-6FBC-4B7E-9183-C4DDA0469BF4}.Debug|x86.Build.0 = Debug|Any CPU
		{1BF5E9E4-6FBC-4B7E-9183-C4DDA0469BF4}.Release|Any CPU.ActiveCfg = Release|Any CPU
		{1BF5E9E4-6FBC-4B7E-9183-C4DDA0469BF4}.Release|Any CPU.Build.0 = Release|Any CPU
		{1BF5E9E4-6FBC-4B7E-9183-C4DDA0469BF4}.Release|x64.ActiveCfg = Release|Any CPU
		{1BF5E9E4-6FBC-4B7E-9183-C4DDA0469BF4}.Release|x64.Build.0 = Release|Any CPU
		{1BF5E9E4-6FBC-4B7E-9183-C4DDA0469BF4}.Release|x86.ActiveCfg = Release|Any CPU
		{1BF5E9E4-6FBC-4B7E-9183-C4DDA0469BF4}.Release|x86.Build.0 = Release|Any CPU
		{B8B8A228-7AF5-4906-888B-D768D82E4393}.Debug|Any CPU.ActiveCfg = Debug|Any CPU
		{B8B8A228-7AF5-4906-888B-D768D82E4393}.Debug|Any CPU.Build.0 = Debug|Any CPU
		{B8B8A228-7AF5-4906-888B-D768D82E4393}.Debug|x64.ActiveCfg = Debug|Any CPU
		{B8B8A228-7AF5-4906-888B-D768D82E4393}.Debug|x64.Build.0 = Debug|Any CPU
		{B8B8A228-7AF5-4906-888B-D768D82E4393}.Debug|x86.ActiveCfg = Debug|Any CPU
		{B8B8A228-7AF5-4906-888B-D768D82E4393}.Debug|x86.Build.0 = Debug|Any CPU
		{B8B8A228-7AF5-4906-888B-D768D82E4393}.Release|Any CPU.ActiveCfg = Release|Any CPU
		{B8B8A228-7AF5-4906-888B-D768D82E4393}.Release|Any CPU.Build.0 = Release|Any CPU
		{B8B8A228-7AF5-4906-888B-D768D82E4393}.Release|x64.ActiveCfg = Release|Any CPU
		{B8B8A228-7AF5-4906-888B-D768D82E4393}.Release|x64.Build.0 = Release|Any CPU
		{B8B8A228-7AF5-4906-888B-D768D82E4393}.Release|x86.ActiveCfg = Release|Any CPU
		{B8B8A228-7AF5-4906-888B-D768D82E4393}.Release|x86.Build.0 = Release|Any CPU
	EndGlobalSection
	GlobalSection(SolutionProperties) = preSolution
		HideSolutionNode = FALSE
	EndGlobalSection
	GlobalSection(NestedProjects) = preSolution
		{A2E70653-8C40-4320-9EE1-4E8354F1ADB6} = {827E0CD3-B72D-47B6-A68D-7590B98EB39B}
		{F12C4663-287B-4B51-B6FB-7E629BCCE8C2} = {827E0CD3-B72D-47B6-A68D-7590B98EB39B}
		{1BF5E9E4-6FBC-4B7E-9183-C4DDA0469BF4} = {827E0CD3-B72D-47B6-A68D-7590B98EB39B}
		{B8B8A228-7AF5-4906-888B-D768D82E4393} = {0AB3BF05-4346-4AA6-1389-037BE0695223}
	EndGlobalSection
EndGlobal
